
Microsoft Visual Studio Solution File, Format Version 12.00
# Visual Studio 15
Project("{FAE04EC0-301F-11D3-BF4B-00C04F79EFBC}") = "Assembly-CSharp", "Assembly-CSharp.csproj", "{4C5A584B-F350-371C-D06B-B80A105A3440}"
EndProject
Project("{FAE04EC0-301F-11D3-BF4B-00C04F79EFBC}") = "Assembly-CSharp-Editor", "Assembly-CSharp-Editor.csproj", "{72E0BBD7-C363-BD52-9050-56767D17264F}"
EndProject
Global
	GlobalSection(SolutionConfigurationPlatforms) = preSolution
		Debug|Any CPU = Debug|Any CPU
		Release|Any CPU = Release|Any CPU
	EndGlobalSection
	GlobalSection(ProjectConfigurationPlatforms) = postSolution
		{4C5A584B-F350-371C-D06B-B80A105A3440}.Debug|Any CPU.ActiveCfg = Debug|Any CPU
		{4C5A584B-F350-371C-D06B-B80A105A3440}.Debug|Any CPU.Build.0 = Debug|Any CPU
		{4C5A584B-F350-371C-D06B-B80A105A3440}.Release|Any CPU.ActiveCfg = Release|Any CPU
		{4C5A584B-F350-371C-D06B-B80A105A3440}.Release|Any CPU.Build.0 = Release|Any CPU
		{72E0BBD7-C363-BD52-9050-56767D17264F}.Debug|Any CPU.ActiveCfg = Debug|Any CPU
		{72E0BBD7-C363-BD52-9050-56767D17264F}.Debug|Any CPU.Build.0 = Debug|Any CPU
		{72E0BBD7-C363-BD52-9050-56767D17264F}.Release|Any CPU.ActiveCfg = Release|Any CPU
		{72E0BBD7-C363-BD52-9050-56767D17264F}.Release|Any CPU.Build.0 = Release|Any CPU
	EndGlobalSection
	GlobalSection(SolutionProperties) = preSolution
		HideSolutionNode = FALSE
	EndGlobalSection
EndGlobal
